
Microsoft Visual Studio Solution File, Format Version 12.00
# Visual Studio for Mac
Project("{FAE04EC0-301F-11D3-BF4B-00C04F79EFBC}") = "Assembly-CSharp", "Assembly-CSharp.csproj", "{D6F3EF00-E319-FF93-AECD-5AF8CB651747}"
EndProject
Project("{FAE04EC0-301F-11D3-BF4B-00C04F79EFBC}") = "Assembly-CSharp-Editor", "Assembly-CSharp-Editor.csproj", "{29972154-C040-AEC8-5990-B1BE50616B3C}"
EndProject
Global
	GlobalSection(SolutionConfigurationPlatforms) = preSolution
		Debug|Any CPU = Debug|Any CPU
		Release|Any CPU = Release|Any CPU
	EndGlobalSection
	GlobalSection(ProjectConfigurationPlatforms) = postSolution
		{D6F3EF00-E319-FF93-AECD-5AF8CB651747}.Debug|Any CPU.ActiveCfg = Debug|Any CPU
		{D6F3EF00-E319-FF93-AECD-5AF8CB651747}.Debug|Any CPU.Build.0 = Debug|Any CPU
		{D6F3EF00-E319-FF93-AECD-5AF8CB651747}.Release|Any CPU.ActiveCfg = Release|Any CPU
		{D6F3EF00-E319-FF93-AECD-5AF8CB651747}.Release|Any CPU.Build.0 = Release|Any CPU
		{29972154-C040-AEC8-5990-B1BE50616B3C}.Debug|Any CPU.ActiveCfg = Debug|Any CPU
		{29972154-C040-AEC8-5990-B1BE50616B3C}.Debug|Any CPU.Build.0 = Debug|Any CPU
		{29972154-C040-AEC8-5990-B1BE50616B3C}.Release|Any CPU.ActiveCfg = Release|Any CPU
		{29972154-C040-AEC8-5990-B1BE50616B3C}.Release|Any CPU.Build.0 = Release|Any CPU
	EndGlobalSection
	GlobalSection(SolutionProperties) = preSolution
		HideSolutionNode = FALSE
	EndGlobalSection
EndGlobal
