
Microsoft Visual Studio Solution File, Format Version 12.00
# Visual Studio for Mac
Project("{FAE04EC0-301F-11D3-BF4B-00C04F79EFBC}") = "Assembly-CSharp", "Assembly-CSharp.csproj", "{6C25FF7B-A4FF-F49A-B806-7FF50FA1E985}"
EndProject
Project("{FAE04EC0-301F-11D3-BF4B-00C04F79EFBC}") = "Assembly-CSharp-Editor", "Assembly-CSharp-Editor.csproj", "{C0FEB3C7-AF93-1C72-1570-1300DDB392C7}"
EndProject
Global
	GlobalSection(SolutionConfigurationPlatforms) = preSolution
		Debug|Any CPU = Debug|Any CPU
		Release|Any CPU = Release|Any CPU
	EndGlobalSection
	GlobalSection(ProjectConfigurationPlatforms) = postSolution
		{6C25FF7B-A4FF-F49A-B806-7FF50FA1E985}.Debug|Any CPU.ActiveCfg = Debug|Any CPU
		{6C25FF7B-A4FF-F49A-B806-7FF50FA1E985}.Debug|Any CPU.Build.0 = Debug|Any CPU
		{6C25FF7B-A4FF-F49A-B806-7FF50FA1E985}.Release|Any CPU.ActiveCfg = Release|Any CPU
		{6C25FF7B-A4FF-F49A-B806-7FF50FA1E985}.Release|Any CPU.Build.0 = Release|Any CPU
		{C0FEB3C7-AF93-1C72-1570-1300DDB392C7}.Debug|Any CPU.ActiveCfg = Debug|Any CPU
		{C0FEB3C7-AF93-1C72-1570-1300DDB392C7}.Debug|Any CPU.Build.0 = Debug|Any CPU
		{C0FEB3C7-AF93-1C72-1570-1300DDB392C7}.Release|Any CPU.ActiveCfg = Release|Any CPU
		{C0FEB3C7-AF93-1C72-1570-1300DDB392C7}.Release|Any CPU.Build.0 = Release|Any CPU
	EndGlobalSection
	GlobalSection(SolutionProperties) = preSolution
		HideSolutionNode = FALSE
	EndGlobalSection
EndGlobal
